// !$*UTF8*$!
{
	archiveVersion = 1;
	classes = {
	};
	objectVersion = 50;
	objects = {

/* Begin PBXBuildFile section */
		A01953802593F43300B77EF7 /* ChessCardView.swift in Sources */ = {isa = PBXBuildFile; fileRef = A019537F2593F43300B77EF7 /* ChessCardView.swift */; };
		A0A981E62593F08F00319D1E /* ChessableApp.swift in Sources */ = {isa = PBXBuildFile; fileRef = A0A981E52593F08F00319D1E /* ChessableApp.swift */; };
		A0A981E82593F08F00319D1E /* ContentView.swift in Sources */ = {isa = PBXBuildFile; fileRef = A0A981E72593F08F00319D1E /* ContentView.swift */; };
		A0A981EA2593F09000319D1E /* Assets.xcassets in Resources */ = {isa = PBXBuildFile; fileRef = A0A981E92593F09000319D1E /* Assets.xcassets */; };
		A0A981ED2593F09000319D1E /* Preview Assets.xcassets in Resources */ = {isa = PBXBuildFile; fileRef = A0A981EC2593F09000319D1E /* Preview Assets.xcassets */; };
		A0A981F82593F09000319D1E /* ChessableTests.swift in Sources */ = {isa = PBXBuildFile; fileRef = A0A981F72593F09000319D1E /* ChessableTests.swift */; };
		A0A982032593F09000319D1E /* ChessableUITests.swift in Sources */ = {isa = PBXBuildFile; fileRef = A0A982022593F09000319D1E /* ChessableUITests.swift */; };
		A0F7107325A50BAD00E1A225 /* StartButtonView.swift in Sources */ = {isa = PBXBuildFile; fileRef = A0F7107225A50BAD00E1A225 /* StartButtonView.swift */; };
		A0F7107825A5117800E1A225 /* SplashScreenView.swift in Sources */ = {isa = PBXBuildFile; fileRef = A0F7107725A5117800E1A225 /* SplashScreenView.swift */; };
/* End PBXBuildFile section */

/* Begin PBXContainerItemProxy section */
		A0A981F42593F09000319D1E /* PBXContainerItemProxy */ = {
			isa = PBXContainerItemProxy;
			containerPortal = A0A981DA2593F08F00319D1E /* Project object */;
			proxyType = 1;
			remoteGlobalIDString = A0A981E12593F08F00319D1E;
			remoteInfo = Chessable;
		};
		A0A981FF2593F09000319D1E /* PBXContainerItemProxy */ = {
			isa = PBXContainerItemProxy;
			containerPortal = A0A981DA2593F08F00319D1E /* Project object */;
			proxyType = 1;
			remoteGlobalIDString = A0A981E12593F08F00319D1E;
			remoteInfo = Chessable;
		};
/* End PBXContainerItemProxy section */

/* Begin PBXFileReference section */
		A019537F2593F43300B77EF7 /* ChessCardView.swift */ = {isa = PBXFileReference; lastKnownFileType = sourcecode.swift; path = ChessCardView.swift; sourceTree = "<group>"; };
		A0A981E22593F08F00319D1E /* Chessable.app */ = {isa = PBXFileReference; explicitFileType = wrapper.application; includeInIndex = 0; path = Chessable.app; sourceTree = BUILT_PRODUCTS_DIR; };
		A0A981E52593F08F00319D1E /* ChessableApp.swift */ = {isa = PBXFileReference; lastKnownFileType = sourcecode.swift; path = ChessableApp.swift; sourceTree = "<group>"; };
		A0A981E72593F08F00319D1E /* ContentView.swift */ = {isa = PBXFileReference; lastKnownFileType = sourcecode.swift; path = ContentView.swift; sourceTree = "<group>"; };
		A0A981E92593F09000319D1E /* Assets.xcassets */ = {isa = PBXFileReference; lastKnownFileType = folder.assetcatalog; path = Assets.xcassets; sourceTree = "<group>"; };
		A0A981EC2593F09000319D1E /* Preview Assets.xcassets */ = {isa = PBXFileReference; lastKnownFileType = folder.assetcatalog; path = "Preview Assets.xcassets"; sourceTree = "<group>"; };
		A0A981EE2593F09000319D1E /* Info.plist */ = {isa = PBXFileReference; lastKnownFileType = text.plist.xml; path = Info.plist; sourceTree = "<group>"; };
		A0A981F32593F09000319D1E /* ChessableTests.xctest */ = {isa = PBXFileReference; explicitFileType = wrapper.cfbundle; includeInIndex = 0; path = ChessableTests.xctest; sourceTree = BUILT_PRODUCTS_DIR; };
		A0A981F72593F09000319D1E /* ChessableTests.swift */ = {isa = PBXFileReference; lastKnownFileType = sourcecode.swift; path = ChessableTests.swift; sourceTree = "<group>"; };
		A0A981F92593F09000319D1E /* Info.plist */ = {isa = PBXFileReference; lastKnownFileType = text.plist.xml; path = Info.plist; sourceTree = "<group>"; };
		A0A981FE2593F09000319D1E /* ChessableUITests.xctest */ = {isa = PBXFileReference; explicitFileType = wrapper.cfbundle; includeInIndex = 0; path = ChessableUITests.xctest; sourceTree = BUILT_PRODUCTS_DIR; };
		A0A982022593F09000319D1E /* ChessableUITests.swift */ = {isa = PBXFileReference; lastKnownFileType = sourcecode.swift; path = ChessableUITests.swift; sourceTree = "<group>"; };
		A0A982042593F09000319D1E /* Info.plist */ = {isa = PBXFileReference; lastKnownFileType = text.plist.xml; path = Info.plist; sourceTree = "<group>"; };
		A0F7107225A50BAD00E1A225 /* StartButtonView.swift */ = {isa = PBXFileReference; lastKnownFileType = sourcecode.swift; path = StartButtonView.swift; sourceTree = "<group>"; };
		A0F7107725A5117800E1A225 /* SplashScreenView.swift */ = {isa = PBXFileReference; lastKnownFileType = sourcecode.swift; path = SplashScreenView.swift; sourceTree = "<group>"; };
/* End PBXFileReference section */

/* Begin PBXFrameworksBuildPhase section */
		A0A981DF2593F08F00319D1E /* Frameworks */ = {
			isa = PBXFrameworksBuildPhase;
			buildActionMask = 2147483647;
			files = (
			);
			runOnlyForDeploymentPostprocessing = 0;
		};
		A0A981F02593F09000319D1E /* Frameworks */ = {
			isa = PBXFrameworksBuildPhase;
			buildActionMask = 2147483647;
			files = (
			);
			runOnlyForDeploymentPostprocessing = 0;
		};
		A0A981FB2593F09000319D1E /* Frameworks */ = {
			isa = PBXFrameworksBuildPhase;
			buildActionMask = 2147483647;
			files = (
			);
			runOnlyForDeploymentPostprocessing = 0;
		};
/* End PBXFrameworksBuildPhase section */

/* Begin PBXGroup section */
		A019537D2593F3C400B77EF7 /* App */ = {
			isa = PBXGroup;
			children = (
				A0A981E52593F08F00319D1E /* ChessableApp.swift */,
				A0F7107725A5117800E1A225 /* SplashScreenView.swift */,
			);
			path = App;
			sourceTree = "<group>";
		};
		A019537E2593F3EB00B77EF7 /* View */ = {
			isa = PBXGroup;
			children = (
				A019537F2593F43300B77EF7 /* ChessCardView.swift */,
				A0F7107225A50BAD00E1A225 /* StartButtonView.swift */,
			);
			path = View;
			sourceTree = "<group>";
		};
		A0A981D92593F08F00319D1E = {
			isa = PBXGroup;
			children = (
				A0A981E42593F08F00319D1E /* Chessable */,
				A0A981F62593F09000319D1E /* ChessableTests */,
				A0A982012593F09000319D1E /* ChessableUITests */,
				A0A981E32593F08F00319D1E /* Products */,
			);
			sourceTree = "<group>";
		};
		A0A981E32593F08F00319D1E /* Products */ = {
			isa = PBXGroup;
			children = (
				A0A981E22593F08F00319D1E /* Chessable.app */,
				A0A981F32593F09000319D1E /* ChessableTests.xctest */,
				A0A981FE2593F09000319D1E /* ChessableUITests.xctest */,
			);
			name = Products;
			sourceTree = "<group>";
		};
		A0A981E42593F08F00319D1E /* Chessable */ = {
			isa = PBXGroup;
			children = (
				A019537E2593F3EB00B77EF7 /* View */,
				A019537D2593F3C400B77EF7 /* App */,
				A0A981E92593F09000319D1E /* Assets.xcassets */,
				A0A981E72593F08F00319D1E /* ContentView.swift */,
				A0A981EE2593F09000319D1E /* Info.plist */,
				A0A981EB2593F09000319D1E /* Preview Content */,
			);
			path = Chessable;
			sourceTree = "<group>";
		};
		A0A981EB2593F09000319D1E /* Preview Content */ = {
			isa = PBXGroup;
			children = (
				A0A981EC2593F09000319D1E /* Preview Assets.xcassets */,
			);
			path = "Preview Content";
			sourceTree = "<group>";
		};
		A0A981F62593F09000319D1E /* ChessableTests */ = {
			isa = PBXGroup;
			children = (
				A0A981F72593F09000319D1E /* ChessableTests.swift */,
				A0A981F92593F09000319D1E /* Info.plist */,
			);
			path = ChessableTests;
			sourceTree = "<group>";
		};
		A0A982012593F09000319D1E /* ChessableUITests */ = {
			isa = PBXGroup;
			children = (
				A0A982022593F09000319D1E /* ChessableUITests.swift */,
				A0A982042593F09000319D1E /* Info.plist */,
			);
			path = ChessableUITests;
			sourceTree = "<group>";
		};
/* End PBXGroup section */

/* Begin PBXNativeTarget section */
		A0A981E12593F08F00319D1E /* Chessable */ = {
			isa = PBXNativeTarget;
			buildConfigurationList = A0A982072593F09000319D1E /* Build configuration list for PBXNativeTarget "Chessable" */;
			buildPhases = (
				A0A981DE2593F08F00319D1E /* Sources */,
				A0A981DF2593F08F00319D1E /* Frameworks */,
				A0A981E02593F08F00319D1E /* Resources */,
			);
			buildRules = (
			);
			dependencies = (
			);
			name = Chessable;
			productName = Chessable;
			productReference = A0A981E22593F08F00319D1E /* Chessable.app */;
			productType = "com.apple.product-type.application";
		};
		A0A981F22593F09000319D1E /* ChessableTests */ = {
			isa = PBXNativeTarget;
			buildConfigurationList = A0A9820A2593F09000319D1E /* Build configuration list for PBXNativeTarget "ChessableTests" */;
			buildPhases = (
				A0A981EF2593F09000319D1E /* Sources */,
				A0A981F02593F09000319D1E /* Frameworks */,
				A0A981F12593F09000319D1E /* Resources */,
			);
			buildRules = (
			);
			dependencies = (
				A0A981F52593F09000319D1E /* PBXTargetDependency */,
			);
			name = ChessableTests;
			productName = ChessableTests;
			productReference = A0A981F32593F09000319D1E /* ChessableTests.xctest */;
			productType = "com.apple.product-type.bundle.unit-test";
		};
		A0A981FD2593F09000319D1E /* ChessableUITests */ = {
			isa = PBXNativeTarget;
			buildConfigurationList = A0A9820D2593F09000319D1E /* Build configuration list for PBXNativeTarget "ChessableUITests" */;
			buildPhases = (
				A0A981FA2593F09000319D1E /* Sources */,
				A0A981FB2593F09000319D1E /* Frameworks */,
				A0A981FC2593F09000319D1E /* Resources */,
			);
			buildRules = (
			);
			dependencies = (
				A0A982002593F09000319D1E /* PBXTargetDependency */,
			);
			name = ChessableUITests;
			productName = ChessableUITests;
			productReference = A0A981FE2593F09000319D1E /* ChessableUITests.xctest */;
			productType = "com.apple.product-type.bundle.ui-testing";
		};
/* End PBXNativeTarget section */

/* Begin PBXProject section */
		A0A981DA2593F08F00319D1E /* Project object */ = {
			isa = PBXProject;
			attributes = {
				LastSwiftUpdateCheck = 1230;
				LastUpgradeCheck = 1230;
				TargetAttributes = {
					A0A981E12593F08F00319D1E = {
						CreatedOnToolsVersion = 12.3;
					};
					A0A981F22593F09000319D1E = {
						CreatedOnToolsVersion = 12.3;
						TestTargetID = A0A981E12593F08F00319D1E;
					};
					A0A981FD2593F09000319D1E = {
						CreatedOnToolsVersion = 12.3;
						TestTargetID = A0A981E12593F08F00319D1E;
					};
				};
			};
			buildConfigurationList = A0A981DD2593F08F00319D1E /* Build configuration list for PBXProject "Chessable" */;
			compatibilityVersion = "Xcode 9.3";
			developmentRegion = en;
			hasScannedForEncodings = 0;
			knownRegions = (
				en,
				Base,
			);
			mainGroup = A0A981D92593F08F00319D1E;
			productRefGroup = A0A981E32593F08F00319D1E /* Products */;
			projectDirPath = "";
			projectRoot = "";
			targets = (
				A0A981E12593F08F00319D1E /* Chessable */,
				A0A981F22593F09000319D1E /* ChessableTests */,
				A0A981FD2593F09000319D1E /* ChessableUITests */,
			);
		};
/* End PBXProject section */

/* Begin PBXResourcesBuildPhase section */
		A0A981E02593F08F00319D1E /* Resources */ = {
			isa = PBXResourcesBuildPhase;
			buildActionMask = 2147483647;
			files = (
				A0A981ED2593F09000319D1E /* Preview Assets.xcassets in Resources */,
				A0A981EA2593F09000319D1E /* Assets.xcassets in Resources */,
			);
			runOnlyForDeploymentPostprocessing = 0;
		};
		A0A981F12593F09000319D1E /* Resources */ = {
			isa = PBXResourcesBuildPhase;
			buildActionMask = 2147483647;
			files = (
			);
			runOnlyForDeploymentPostprocessing = 0;
		};
		A0A981FC2593F09000319D1E /* Resources */ = {
			isa = PBXResourcesBuildPhase;
			buildActionMask = 2147483647;
			files = (
			);
			runOnlyForDeploymentPostprocessing = 0;
		};
/* End PBXResourcesBuildPhase section */

/* Begin PBXSourcesBuildPhase section */
		A0A981DE2593F08F00319D1E /* Sources */ = {
			isa = PBXSourcesBuildPhase;
			buildActionMask = 2147483647;
			files = (
				A0A981E82593F08F00319D1E /* ContentView.swift in Sources */,
				A0F7107325A50BAD00E1A225 /* StartButtonView.swift in Sources */,
				A0F7107825A5117800E1A225 /* SplashScreenView.swift in Sources */,
				A0A981E62593F08F00319D1E /* ChessableApp.swift in Sources */,
				A01953802593F43300B77EF7 /* ChessCardView.swift in Sources */,
			);
			runOnlyForDeploymentPostprocessing = 0;
		};
		A0A981EF2593F09000319D1E /* Sources */ = {
			isa = PBXSourcesBuildPhase;
			buildActionMask = 2147483647;
			files = (
				A0A981F82593F09000319D1E /* ChessableTests.swift in Sources */,
			);
			runOnlyForDeploymentPostprocessing = 0;
		};
		A0A981FA2593F09000319D1E /* Sources */ = {
			isa = PBXSourcesBuildPhase;
			buildActionMask = 2147483647;
			files = (
				A0A982032593F09000319D1E /* ChessableUITests.swift in Sources */,
			);
			runOnlyForDeploymentPostprocessing = 0;
		};
/* End PBXSourcesBuildPhase section */

/* Begin PBXTargetDependency section */
		A0A981F52593F09000319D1E /* PBXTargetDependency */ = {
			isa = PBXTargetDependency;
			target = A0A981E12593F08F00319D1E /* Chessable */;
			targetProxy = A0A981F42593F09000319D1E /* PBXContainerItemProxy */;
		};
		A0A982002593F09000319D1E /* PBXTargetDependency */ = {
			isa = PBXTargetDependency;
			target = A0A981E12593F08F00319D1E /* Chessable */;
			targetProxy = A0A981FF2593F09000319D1E /* PBXContainerItemProxy */;
		};
/* End PBXTargetDependency section */

/* Begin XCBuildConfiguration section */
		A0A982052593F09000319D1E /* Debug */ = {
			isa = XCBuildConfiguration;
			buildSettings = {
				ALWAYS_SEARCH_USER_PATHS = NO;
				CLANG_ANALYZER_NONNULL = YES;
				CLANG_ANALYZER_NUMBER_OBJECT_CONVERSION = YES_AGGRESSIVE;
				CLANG_CXX_LANGUAGE_STANDARD = "gnu++14";
				CLANG_CXX_LIBRARY = "libc++";
				CLANG_ENABLE_MODULES = YES;
				CLANG_ENABLE_OBJC_ARC = YES;
				CLANG_ENABLE_OBJC_WEAK = YES;
				CLANG_WARN_BLOCK_CAPTURE_AUTORELEASING = YES;
				CLANG_WARN_BOOL_CONVERSION = YES;
				CLANG_WARN_COMMA = YES;
				CLANG_WARN_CONSTANT_CONVERSION = YES;
				CLANG_WARN_DEPRECATED_OBJC_IMPLEMENTATIONS = YES;
				CLANG_WARN_DIRECT_OBJC_ISA_USAGE = YES_ERROR;
				CLANG_WARN_DOCUMENTATION_COMMENTS = YES;
				CLANG_WARN_EMPTY_BODY = YES;
				CLANG_WARN_ENUM_CONVERSION = YES;
				CLANG_WARN_INFINITE_RECURSION = YES;
				CLANG_WARN_INT_CONVERSION = YES;
				CLANG_WARN_NON_LITERAL_NULL_CONVERSION = YES;
				CLANG_WARN_OBJC_IMPLICIT_RETAIN_SELF = YES;
				CLANG_WARN_OBJC_LITERAL_CONVERSION = YES;
				CLANG_WARN_OBJC_ROOT_CLASS = YES_ERROR;
				CLANG_WARN_QUOTED_INCLUDE_IN_FRAMEWORK_HEADER = YES;
				CLANG_WARN_RANGE_LOOP_ANALYSIS = YES;
				CLANG_WARN_STRICT_PROTOTYPES = YES;
				CLANG_WARN_SUSPICIOUS_MOVE = YES;
				CLANG_WARN_UNGUARDED_AVAILABILITY = YES_AGGRESSIVE;
				CLANG_WARN_UNREACHABLE_CODE = YES;
				CLANG_WARN__DUPLICATE_METHOD_MATCH = YES;
				COPY_PHASE_STRIP = NO;
				DEBUG_INFORMATION_FORMAT = dwarf;
				ENABLE_STRICT_OBJC_MSGSEND = YES;
				ENABLE_TESTABILITY = YES;
				GCC_C_LANGUAGE_STANDARD = gnu11;
				GCC_DYNAMIC_NO_PIC = NO;
				GCC_NO_COMMON_BLOCKS = YES;
				GCC_OPTIMIZATION_LEVEL = 0;
				GCC_PREPROCESSOR_DEFINITIONS = (
					"DEBUG=1",
					"$(inherited)",
				);
				GCC_WARN_64_TO_32_BIT_CONVERSION = YES;
				GCC_WARN_ABOUT_RETURN_TYPE = YES_ERROR;
				GCC_WARN_UNDECLARED_SELECTOR = YES;
				GCC_WARN_UNINITIALIZED_AUTOS = YES_AGGRESSIVE;
				GCC_WARN_UNUSED_FUNCTION = YES;
				GCC_WARN_UNUSED_VARIABLE = YES;
				IPHONEOS_DEPLOYMENT_TARGET = 14.3;
				MTL_ENABLE_DEBUG_INFO = INCLUDE_SOURCE;
				MTL_FAST_MATH = YES;
				ONLY_ACTIVE_ARCH = YES;
				SDKROOT = iphoneos;
				SWIFT_ACTIVE_COMPILATION_CONDITIONS = DEBUG;
				SWIFT_OPTIMIZATION_LEVEL = "-Onone";
			};
			name = Debug;
		};
		A0A982062593F09000319D1E /* Release */ = {
			isa = XCBuildConfiguration;
			buildSettings = {
				ALWAYS_SEARCH_USER_PATHS = NO;
				CLANG_ANALYZER_NONNULL = YES;
				CLANG_ANALYZER_NUMBER_OBJECT_CONVERSION = YES_AGGRESSIVE;
				CLANG_CXX_LANGUAGE_STANDARD = "gnu++14";
				CLANG_CXX_LIBRARY = "libc++";
				CLANG_ENABLE_MODULES = YES;
				CLANG_ENABLE_OBJC_ARC = YES;
				CLANG_ENABLE_OBJC_WEAK = YES;
				CLANG_WARN_BLOCK_CAPTURE_AUTORELEASING = YES;
				CLANG_WARN_BOOL_CONVERSION = YES;
				CLANG_WARN_COMMA = YES;
				CLANG_WARN_CONSTANT_CONVERSION = YES;
				CLANG_WARN_DEPRECATED_OBJC_IMPLEMENTATIONS = YES;
				CLANG_WARN_DIRECT_OBJC_ISA_USAGE = YES_ERROR;
				CLANG_WARN_DOCUMENTATION_COMMENTS = YES;
				CLANG_WARN_EMPTY_BODY = YES;
				CLANG_WARN_ENUM_CONVERSION = YES;
				CLANG_WARN_INFINITE_RECURSION = YES;
				CLANG_WARN_INT_CONVERSION = YES;
				CLANG_WARN_NON_LITERAL_NULL_CONVERSION = YES;
				CLANG_WARN_OBJC_IMPLICIT_RETAIN_SELF = YES;
				CLANG_WARN_OBJC_LITERAL_CONVERSION = YES;
				CLANG_WARN_OBJC_ROOT_CLASS = YES_ERROR;
				CLANG_WARN_QUOTED_INCLUDE_IN_FRAMEWORK_HEADER = YES;
				CLANG_WARN_RANGE_LOOP_ANALYSIS = YES;
				CLANG_WARN_STRICT_PROTOTYPES = YES;
				CLANG_WARN_SUSPICIOUS_MOVE = YES;
				CLANG_WARN_UNGUARDED_AVAILABILITY = YES_AGGRESSIVE;
				CLANG_WARN_UNREACHABLE_CODE = YES;
				CLANG_WARN__DUPLICATE_METHOD_MATCH = YES;
				COPY_PHASE_STRIP = NO;
				DEBUG_INFORMATION_FORMAT = "dwarf-with-dsym";
				ENABLE_NS_ASSERTIONS = NO;
				ENABLE_STRICT_OBJC_MSGSEND = YES;
				GCC_C_LANGUAGE_STANDARD = gnu11;
				GCC_NO_COMMON_BLOCKS = YES;
				GCC_WARN_64_TO_32_BIT_CONVERSION = YES;
				GCC_WARN_ABOUT_RETURN_TYPE = YES_ERROR;
				GCC_WARN_UNDECLARED_SELECTOR = YES;
				GCC_WARN_UNINITIALIZED_AUTOS = YES_AGGRESSIVE;
				GCC_WARN_UNUSED_FUNCTION = YES;
				GCC_WARN_UNUSED_VARIABLE = YES;
				IPHONEOS_DEPLOYMENT_TARGET = 14.3;
				MTL_ENABLE_DEBUG_INFO = NO;
				MTL_FAST_MATH = YES;
				SDKROOT = iphoneos;
				SWIFT_COMPILATION_MODE = wholemodule;
				SWIFT_OPTIMIZATION_LEVEL = "-O";
				VALIDATE_PRODUCT = YES;
			};
			name = Release;
		};
		A0A982082593F09000319D1E /* Debug */ = {
			isa = XCBuildConfiguration;
			buildSettings = {
				ASSETCATALOG_COMPILER_APPICON_NAME = AppIcon;
				ASSETCATALOG_COMPILER_GLOBAL_ACCENT_COLOR_NAME = AccentColor;
				CODE_SIGN_STYLE = Automatic;
				DEVELOPMENT_ASSET_PATHS = "\"Chessable/Preview Content\"";
				ENABLE_PREVIEWS = YES;
				INFOPLIST_FILE = Chessable/Info.plist;
				IPHONEOS_DEPLOYMENT_TARGET = 14.0;
				LD_RUNPATH_SEARCH_PATHS = (
					"$(inherited)",
					"@executable_path/Frameworks",
				);
				PRODUCT_BUNDLE_IDENTIFIER = com.alexandernair.Chessable;
				PRODUCT_NAME = "$(TARGET_NAME)";
				SWIFT_VERSION = 5.0;
				TARGETED_DEVICE_FAMILY = "1,2";
			};
			name = Debug;
		};
		A0A982092593F09000319D1E /* Release */ = {
			isa = XCBuildConfiguration;
			buildSettings = {
				ASSETCATALOG_COMPILER_APPICON_NAME = AppIcon;
				ASSETCATALOG_COMPILER_GLOBAL_ACCENT_COLOR_NAME = AccentColor;
				CODE_SIGN_STYLE = Automatic;
				DEVELOPMENT_ASSET_PATHS = "\"Chessable/Preview Content\"";
				ENABLE_PREVIEWS = YES;
				INFOPLIST_FILE = Chessable/Info.plist;
				IPHONEOS_DEPLOYMENT_TARGET = 14.0;
				LD_RUNPATH_SEARCH_PATHS = (
					"$(inherited)",
					"@executable_path/Frameworks",
				);
				PRODUCT_BUNDLE_IDENTIFIER = com.alexandernair.Chessable;
				PRODUCT_NAME = "$(TARGET_NAME)";
				SWIFT_VERSION = 5.0;
				TARGETED_DEVICE_FAMILY = "1,2";
			};
			name = Release;
		};
		A0A9820B2593F09000319D1E /* Debug */ = {
			isa = XCBuildConfiguration;
			buildSettings = {
				ALWAYS_EMBED_SWIFT_STANDARD_LIBRARIES = YES;
				BUNDLE_LOADER = "$(TEST_HOST)";
				CODE_SIGN_STYLE = Automatic;
				INFOPLIST_FILE = ChessableTests/Info.plist;
				IPHONEOS_DEPLOYMENT_TARGET = 14.0;
				LD_RUNPATH_SEARCH_PATHS = (
					"$(inherited)",
					"@executable_path/Frameworks",
					"@loader_path/Frameworks",
				);
				PRODUCT_BUNDLE_IDENTIFIER = com.alexandernair.ChessableTests;
				PRODUCT_NAME = "$(TARGET_NAME)";
				SWIFT_VERSION = 5.0;
				TARGETED_DEVICE_FAMILY = "1,2";
				TEST_HOST = "$(BUILT_PRODUCTS_DIR)/Chessable.app/Chessable";
			};
			name = Debug;
		};
		A0A9820C2593F09000319D1E /* Release */ = {
			isa = XCBuildConfiguration;
			buildSettings = {
				ALWAYS_EMBED_SWIFT_STANDARD_LIBRARIES = YES;
				BUNDLE_LOADER = "$(TEST_HOST)";
				CODE_SIGN_STYLE = Automatic;
				INFOPLIST_FILE = ChessableTests/Info.plist;
				IPHONEOS_DEPLOYMENT_TARGET = 14.0;
				LD_RUNPATH_SEARCH_PATHS = (
					"$(inherited)",
					"@executable_path/Frameworks",
					"@loader_path/Frameworks",
				);
				PRODUCT_BUNDLE_IDENTIFIER = com.alexandernair.ChessableTests;
				PRODUCT_NAME = "$(TARGET_NAME)";
				SWIFT_VERSION = 5.0;
				TARGETED_DEVICE_FAMILY = "1,2";
				TEST_HOST = "$(BUILT_PRODUCTS_DIR)/Chessable.app/Chessable";
			};
			name = Release;
		};
		A0A9820E2593F09000319D1E /* Debug */ = {
			isa = XCBuildConfiguration;
			buildSettings = {
				ALWAYS_EMBED_SWIFT_STANDARD_LIBRARIES = YES;
				CODE_SIGN_STYLE = Automatic;
				INFOPLIST_FILE = ChessableUITests/Info.plist;
				LD_RUNPATH_SEARCH_PATHS = (
					"$(inherited)",
					"@executable_path/Frameworks",
					"@loader_path/Frameworks",
				);
				PRODUCT_BUNDLE_IDENTIFIER = com.alexandernair.ChessableUITests;
				PRODUCT_NAME = "$(TARGET_NAME)";
				SWIFT_VERSION = 5.0;
				TARGETED_DEVICE_FAMILY = "1,2";
				TEST_TARGET_NAME = Chessable;
			};
			name = Debug;
		};
		A0A9820F2593F09000319D1E /* Release */ = {
			isa = XCBuildConfiguration;
			buildSettings = {
				ALWAYS_EMBED_SWIFT_STANDARD_LIBRARIES = YES;
				CODE_SIGN_STYLE = Automatic;
				INFOPLIST_FILE = ChessableUITests/Info.plist;
				LD_RUNPATH_SEARCH_PATHS = (
					"$(inherited)",
					"@executable_path/Frameworks",
					"@loader_path/Frameworks",
				);
				PRODUCT_BUNDLE_IDENTIFIER = com.alexandernair.ChessableUITests;
				PRODUCT_NAME = "$(TARGET_NAME)";
				SWIFT_VERSION = 5.0;
				TARGETED_DEVICE_FAMILY = "1,2";
				TEST_TARGET_NAME = Chessable;
			};
			name = Release;
		};
/* End XCBuildConfiguration section */

/* Begin XCConfigurationList section */
		A0A981DD2593F08F00319D1E /* Build configuration list for PBXProject "Chessable" */ = {
			isa = XCConfigurationList;
			buildConfigurations = (
				A0A982052593F09000319D1E /* Debug */,
				A0A982062593F09000319D1E /* Release */,
			);
			defaultConfigurationIsVisible = 0;
			defaultConfigurationName = Release;
		};
		A0A982072593F09000319D1E /* Build configuration list for PBXNativeTarget "Chessable" */ = {
			isa = XCConfigurationList;
			buildConfigurations = (
				A0A982082593F09000319D1E /* Debug */,
				A0A982092593F09000319D1E /* Release */,
			);
			defaultConfigurationIsVisible = 0;
			defaultConfigurationName = Release;
		};
		A0A9820A2593F09000319D1E /* Build configuration list for PBXNativeTarget "ChessableTests" */ = {
			isa = XCConfigurationList;
			buildConfigurations = (
				A0A9820B2593F09000319D1E /* Debug */,
				A0A9820C2593F09000319D1E /* Release */,
			);
			defaultConfigurationIsVisible = 0;
			defaultConfigurationName = Release;
		};
		A0A9820D2593F09000319D1E /* Build configuration list for PBXNativeTarget "ChessableUITests" */ = {
			isa = XCConfigurationList;
			buildConfigurations = (
				A0A9820E2593F09000319D1E /* Debug */,
				A0A9820F2593F09000319D1E /* Release */,
			);
			defaultConfigurationIsVisible = 0;
			defaultConfigurationName = Release;
		};
/* End XCConfigurationList section */
	};
	rootObject = A0A981DA2593F08F00319D1E /* Project object */;
}
